
Microsoft Visual Studio Solution File, Format Version 12.00
# Visual Studio Version 17
VisualStudioVersion = 17.7.34024.191
MinimumVisualStudioVersion = 10.0.40219.1
Project("{FAE04EC0-301F-11D3-BF4B-00C04F79EFBC}") = "N01593039ExampleProject", "N01593039ExampleProject\N01593039ExampleProject.csproj", "{82001C56-3421-444B-A5E4-EA4F4719CB3A}"
EndProject
Global
	GlobalSection(SolutionConfigurationPlatforms) = preSolution
		Debug|Any CPU = Debug|Any CPU
		Release|Any CPU = Release|Any CPU
	EndGlobalSection
	GlobalSection(ProjectConfigurationPlatforms) = postSolution
		{82001C56-3421-444B-A5E4-EA4F4719CB3A}.Debug|Any CPU.ActiveCfg = Debug|Any CPU
		{82001C56-3421-444B-A5E4-EA4F4719CB3A}.Debug|Any CPU.Build.0 = Debug|Any CPU
		{82001C56-3421-444B-A5E4-EA4F4719CB3A}.Release|Any CPU.ActiveCfg = Release|Any CPU
		{82001C56-3421-444B-A5E4-EA4F4719CB3A}.Release|Any CPU.Build.0 = Release|Any CPU
	EndGlobalSection
	GlobalSection(SolutionProperties) = preSolution
		HideSolutionNode = FALSE
	EndGlobalSection
	GlobalSection(ExtensibilityGlobals) = postSolution
		SolutionGuid = {E712179C-B9DC-4497-8C0C-2A7CC7D8260F}
	EndGlobalSection
EndGlobal
